
Microsoft Visual Studio Solution File, Format Version 12.00
# Visual Studio 15
VisualStudioVersion = 15.0.28307.1321
MinimumVisualStudioVersion = 10.0.40219.1
Project("{FAE04EC0-301F-11D3-BF4B-00C04F79EFBC}") = "AsyncAwait", "AyncAwait\AsyncAwait.csproj", "{EB74FEBA-2979-45C2-89E4-05FEE32F8680}"
EndProject
Global
	GlobalSection(SolutionConfigurationPlatforms) = preSolution
		Debug|Any CPU = Debug|Any CPU
		Release|Any CPU = Release|Any CPU
	EndGlobalSection
	GlobalSection(ProjectConfigurationPlatforms) = postSolution
		{EB74FEBA-2979-45C2-89E4-05FEE32F8680}.Debug|Any CPU.ActiveCfg = Debug|Any CPU
		{EB74FEBA-2979-45C2-89E4-05FEE32F8680}.Debug|Any CPU.Build.0 = Debug|Any CPU
		{EB74FEBA-2979-45C2-89E4-05FEE32F8680}.Release|Any CPU.ActiveCfg = Release|Any CPU
		{EB74FEBA-2979-45C2-89E4-05FEE32F8680}.Release|Any CPU.Build.0 = Release|Any CPU
	EndGlobalSection
	GlobalSection(SolutionProperties) = preSolution
		HideSolutionNode = FALSE
	EndGlobalSection
	GlobalSection(ExtensibilityGlobals) = postSolution
		SolutionGuid = {2F749F21-C64F-4D6D-B901-800E299E16A3}
	EndGlobalSection
EndGlobal
